
Microsoft Visual Studio Solution File, Format Version 12.00
# Visual Studio Version 16
VisualStudioVersion = 16.0.30320.27
MinimumVisualStudioVersion = 10.0.40219.1
Project("{FAE04EC0-301F-11D3-BF4B-00C04F79EFBC}") = "IsPrime", "IsPrime\IsPrime.csproj", "{CA46A302-83F7-4B89-9FED-BF1C2DA7B829}"
EndProject
Global
	GlobalSection(SolutionConfigurationPlatforms) = preSolution
		Debug|Any CPU = Debug|Any CPU
		Release|Any CPU = Release|Any CPU
	EndGlobalSection
	GlobalSection(ProjectConfigurationPlatforms) = postSolution
		{CA46A302-83F7-4B89-9FED-BF1C2DA7B829}.Debug|Any CPU.ActiveCfg = Debug|Any CPU
		{CA46A302-83F7-4B89-9FED-BF1C2DA7B829}.Debug|Any CPU.Build.0 = Debug|Any CPU
		{CA46A302-83F7-4B89-9FED-BF1C2DA7B829}.Release|Any CPU.ActiveCfg = Release|Any CPU
		{CA46A302-83F7-4B89-9FED-BF1C2DA7B829}.Release|Any CPU.Build.0 = Release|Any CPU
	EndGlobalSection
	GlobalSection(SolutionProperties) = preSolution
		HideSolutionNode = FALSE
	EndGlobalSection
	GlobalSection(ExtensibilityGlobals) = postSolution
		SolutionGuid = {093D318E-C6A0-42CD-AA36-5B99D471C1A5}
	EndGlobalSection
EndGlobal
